
Microsoft Visual Studio Solution File, Format Version 12.00
# Visual Studio Version 17
VisualStudioVersion = 17.8.34322.80
MinimumVisualStudioVersion = 10.0.40219.1
Project("{FAE04EC0-301F-11D3-BF4B-00C04F79EFBC}") = "AdvertisingCampaignManagement", "AdvertisingCampaignManagement\AdvertisingCampaignManagement.csproj", "{8EF1584A-F6EF-46D1-B270-F2A53DE29422}"
EndProject
Global
	GlobalSection(SolutionConfigurationPlatforms) = preSolution
		Debug|Any CPU = Debug|Any CPU
		Release|Any CPU = Release|Any CPU
	EndGlobalSection
	GlobalSection(ProjectConfigurationPlatforms) = postSolution
		{8EF1584A-F6EF-46D1-B270-F2A53DE29422}.Debug|Any CPU.ActiveCfg = Debug|Any CPU
		{8EF1584A-F6EF-46D1-B270-F2A53DE29422}.Debug|Any CPU.Build.0 = Debug|Any CPU
		{8EF1584A-F6EF-46D1-B270-F2A53DE29422}.Release|Any CPU.ActiveCfg = Release|Any CPU
		{8EF1584A-F6EF-46D1-B270-F2A53DE29422}.Release|Any CPU.Build.0 = Release|Any CPU
	EndGlobalSection
	GlobalSection(SolutionProperties) = preSolution
		HideSolutionNode = FALSE
	EndGlobalSection
	GlobalSection(ExtensibilityGlobals) = postSolution
		SolutionGuid = {154A7E77-52CF-4778-810C-96EB0FC7209E}
	EndGlobalSection
EndGlobal
